
Microsoft Visual Studio Solution File, Format Version 12.00
# Visual Studio Version 17
VisualStudioVersion = 17.7.34024.191
MinimumVisualStudioVersion = 10.0.40219.1
Project("{FAE04EC0-301F-11D3-BF4B-00C04F79EFBC}") = "Array", "Array\Array.csproj", "{BE927E64-50AB-4AFF-92CF-CC88F17911C6}"
EndProject
Global
	GlobalSection(SolutionConfigurationPlatforms) = preSolution
		Debug|Any CPU = Debug|Any CPU
		Release|Any CPU = Release|Any CPU
	EndGlobalSection
	GlobalSection(ProjectConfigurationPlatforms) = postSolution
		{BE927E64-50AB-4AFF-92CF-CC88F17911C6}.Debug|Any CPU.ActiveCfg = Debug|Any CPU
		{BE927E64-50AB-4AFF-92CF-CC88F17911C6}.Debug|Any CPU.Build.0 = Debug|Any CPU
		{BE927E64-50AB-4AFF-92CF-CC88F17911C6}.Release|Any CPU.ActiveCfg = Release|Any CPU
		{BE927E64-50AB-4AFF-92CF-CC88F17911C6}.Release|Any CPU.Build.0 = Release|Any CPU
	EndGlobalSection
	GlobalSection(SolutionProperties) = preSolution
		HideSolutionNode = FALSE
	EndGlobalSection
	GlobalSection(ExtensibilityGlobals) = postSolution
		SolutionGuid = {8F8F2516-5361-47D9-9125-2F458E2A8F95}
	EndGlobalSection
EndGlobal
